
Microsoft Visual Studio Solution File, Format Version 12.00
# Visual Studio Version 17
VisualStudioVersion = 17.7.34221.43
MinimumVisualStudioVersion = 10.0.40219.1
Project("{8BC9CEB8-8B4A-11D0-8D11-00A0C91BC942}") = "task_2", "task_2.vcxproj", "{6CB5DFB4-AC7A-48D6-B803-C1598F6165D9}"
EndProject
Global
	GlobalSection(SolutionConfigurationPlatforms) = preSolution
		Debug|x64 = Debug|x64
		Debug|x86 = Debug|x86
		Release|x64 = Release|x64
		Release|x86 = Release|x86
	EndGlobalSection
	GlobalSection(ProjectConfigurationPlatforms) = postSolution
		{6CB5DFB4-AC7A-48D6-B803-C1598F6165D9}.Debug|x64.ActiveCfg = Debug|x64
		{6CB5DFB4-AC7A-48D6-B803-C1598F6165D9}.Debug|x64.Build.0 = Debug|x64
		{6CB5DFB4-AC7A-48D6-B803-C1598F6165D9}.Debug|x86.ActiveCfg = Debug|Win32
		{6CB5DFB4-AC7A-48D6-B803-C1598F6165D9}.Debug|x86.Build.0 = Debug|Win32
		{6CB5DFB4-AC7A-48D6-B803-C1598F6165D9}.Release|x64.ActiveCfg = Release|x64
		{6CB5DFB4-AC7A-48D6-B803-C1598F6165D9}.Release|x64.Build.0 = Release|x64
		{6CB5DFB4-AC7A-48D6-B803-C1598F6165D9}.Release|x86.ActiveCfg = Release|Win32
		{6CB5DFB4-AC7A-48D6-B803-C1598F6165D9}.Release|x86.Build.0 = Release|Win32
	EndGlobalSection
	GlobalSection(SolutionProperties) = preSolution
		HideSolutionNode = FALSE
	EndGlobalSection
	GlobalSection(ExtensibilityGlobals) = postSolution
		SolutionGuid = {68A1D887-8460-422A-9D6B-5FC2225BB2E8}
	EndGlobalSection
EndGlobal
