
Microsoft Visual Studio Solution File, Format Version 12.00
# Visual Studio Version 17
VisualStudioVersion = 17.8.34309.116
MinimumVisualStudioVersion = 10.0.40219.1
Project("{8BC9CEB8-8B4A-11D0-8D11-00A0C91BC942}") = "task_1", "task_1.vcxproj", "{8BB18AE4-E192-4BE4-84B9-6FE8A986E4CB}"
EndProject
Project("{8BC9CEB8-8B4A-11D0-8D11-00A0C91BC942}") = "lib", "lib\lib.vcxproj", "{00D44D0A-C1F0-4CBE-B8AA-CA08C91E1893}"
EndProject
Global
	GlobalSection(SolutionConfigurationPlatforms) = preSolution
		Debug|x64 = Debug|x64
		Debug|x86 = Debug|x86
		Release|x64 = Release|x64
		Release|x86 = Release|x86
	EndGlobalSection
	GlobalSection(ProjectConfigurationPlatforms) = postSolution
		{8BB18AE4-E192-4BE4-84B9-6FE8A986E4CB}.Debug|x64.ActiveCfg = Debug|x64
		{8BB18AE4-E192-4BE4-84B9-6FE8A986E4CB}.Debug|x64.Build.0 = Debug|x64
		{8BB18AE4-E192-4BE4-84B9-6FE8A986E4CB}.Debug|x86.ActiveCfg = Debug|Win32
		{8BB18AE4-E192-4BE4-84B9-6FE8A986E4CB}.Debug|x86.Build.0 = Debug|Win32
		{8BB18AE4-E192-4BE4-84B9-6FE8A986E4CB}.Release|x64.ActiveCfg = Release|x64
		{8BB18AE4-E192-4BE4-84B9-6FE8A986E4CB}.Release|x64.Build.0 = Release|x64
		{8BB18AE4-E192-4BE4-84B9-6FE8A986E4CB}.Release|x86.ActiveCfg = Release|Win32
		{8BB18AE4-E192-4BE4-84B9-6FE8A986E4CB}.Release|x86.Build.0 = Release|Win32
		{00D44D0A-C1F0-4CBE-B8AA-CA08C91E1893}.Debug|x64.ActiveCfg = Debug|x64
		{00D44D0A-C1F0-4CBE-B8AA-CA08C91E1893}.Debug|x64.Build.0 = Debug|x64
		{00D44D0A-C1F0-4CBE-B8AA-CA08C91E1893}.Debug|x86.ActiveCfg = Debug|Win32
		{00D44D0A-C1F0-4CBE-B8AA-CA08C91E1893}.Debug|x86.Build.0 = Debug|Win32
		{00D44D0A-C1F0-4CBE-B8AA-CA08C91E1893}.Release|x64.ActiveCfg = Release|x64
		{00D44D0A-C1F0-4CBE-B8AA-CA08C91E1893}.Release|x64.Build.0 = Release|x64
		{00D44D0A-C1F0-4CBE-B8AA-CA08C91E1893}.Release|x86.ActiveCfg = Release|Win32
		{00D44D0A-C1F0-4CBE-B8AA-CA08C91E1893}.Release|x86.Build.0 = Release|Win32
	EndGlobalSection
	GlobalSection(SolutionProperties) = preSolution
		HideSolutionNode = FALSE
	EndGlobalSection
	GlobalSection(ExtensibilityGlobals) = postSolution
		SolutionGuid = {7916302C-24E9-4323-9E31-56F0312C7BC7}
	EndGlobalSection
EndGlobal
