
Microsoft Visual Studio Solution File, Format Version 12.00
# Visual Studio Version 17
VisualStudioVersion = 17.8.34309.116
MinimumVisualStudioVersion = 10.0.40219.1
Project("{8BC9CEB8-8B4A-11D0-8D11-00A0C91BC942}") = "task_4", "task_4.vcxproj", "{403B977B-56D1-40BA-B788-60CB5F328E9A}"
EndProject
Project("{8BC9CEB8-8B4A-11D0-8D11-00A0C91BC942}") = "lib", "lib\lib.vcxproj", "{78CC9962-58E0-4594-941C-D9D4A67CF5B7}"
EndProject
Global
	GlobalSection(SolutionConfigurationPlatforms) = preSolution
		Debug|x64 = Debug|x64
		Debug|x86 = Debug|x86
		Release|x64 = Release|x64
		Release|x86 = Release|x86
	EndGlobalSection
	GlobalSection(ProjectConfigurationPlatforms) = postSolution
		{403B977B-56D1-40BA-B788-60CB5F328E9A}.Debug|x64.ActiveCfg = Debug|x64
		{403B977B-56D1-40BA-B788-60CB5F328E9A}.Debug|x64.Build.0 = Debug|x64
		{403B977B-56D1-40BA-B788-60CB5F328E9A}.Debug|x86.ActiveCfg = Debug|Win32
		{403B977B-56D1-40BA-B788-60CB5F328E9A}.Debug|x86.Build.0 = Debug|Win32
		{403B977B-56D1-40BA-B788-60CB5F328E9A}.Release|x64.ActiveCfg = Release|x64
		{403B977B-56D1-40BA-B788-60CB5F328E9A}.Release|x64.Build.0 = Release|x64
		{403B977B-56D1-40BA-B788-60CB5F328E9A}.Release|x86.ActiveCfg = Release|Win32
		{403B977B-56D1-40BA-B788-60CB5F328E9A}.Release|x86.Build.0 = Release|Win32
		{78CC9962-58E0-4594-941C-D9D4A67CF5B7}.Debug|x64.ActiveCfg = Debug|x64
		{78CC9962-58E0-4594-941C-D9D4A67CF5B7}.Debug|x64.Build.0 = Debug|x64
		{78CC9962-58E0-4594-941C-D9D4A67CF5B7}.Debug|x86.ActiveCfg = Debug|Win32
		{78CC9962-58E0-4594-941C-D9D4A67CF5B7}.Debug|x86.Build.0 = Debug|Win32
		{78CC9962-58E0-4594-941C-D9D4A67CF5B7}.Release|x64.ActiveCfg = Release|x64
		{78CC9962-58E0-4594-941C-D9D4A67CF5B7}.Release|x64.Build.0 = Release|x64
		{78CC9962-58E0-4594-941C-D9D4A67CF5B7}.Release|x86.ActiveCfg = Release|Win32
		{78CC9962-58E0-4594-941C-D9D4A67CF5B7}.Release|x86.Build.0 = Release|Win32
	EndGlobalSection
	GlobalSection(SolutionProperties) = preSolution
		HideSolutionNode = FALSE
	EndGlobalSection
	GlobalSection(ExtensibilityGlobals) = postSolution
		SolutionGuid = {5974D731-4DF7-4CC0-A1E4-894613E2380E}
	EndGlobalSection
EndGlobal
